
Microsoft Visual Studio Solution File, Format Version 12.00
# Visual Studio 15
VisualStudioVersion = 15.0.28307.902
MinimumVisualStudioVersion = 10.0.40219.1
Project("{FAE04EC0-301F-11D3-BF4B-00C04F79EFBC}") = "ConsoleUI", "ConsoleUI\ConsoleUI.csproj", "{B745BAC7-1288-4770-AB57-52CDC0EA8B07}"
EndProject
Project("{FAE04EC0-301F-11D3-BF4B-00C04F79EFBC}") = "DemoLibrary", "DemoLibrary\DemoLibrary.csproj", "{A867E872-6930-4219-8E0A-EF5EFA71F6D2}"
EndProject
Project("{FAE04EC0-301F-11D3-BF4B-00C04F79EFBC}") = "WinFormUI", "WinFormUI\WinFormUI.csproj", "{86F406D5-630C-46D8-8A4E-D49C63586FA7}"
EndProject
Global
	GlobalSection(SolutionConfigurationPlatforms) = preSolution
		Debug|Any CPU = Debug|Any CPU
		Release|Any CPU = Release|Any CPU
	EndGlobalSection
	GlobalSection(ProjectConfigurationPlatforms) = postSolution
		{B745BAC7-1288-4770-AB57-52CDC0EA8B07}.Debug|Any CPU.ActiveCfg = Debug|Any CPU
		{B745BAC7-1288-4770-AB57-52CDC0EA8B07}.Debug|Any CPU.Build.0 = Debug|Any CPU
		{B745BAC7-1288-4770-AB57-52CDC0EA8B07}.Release|Any CPU.ActiveCfg = Release|Any CPU
		{B745BAC7-1288-4770-AB57-52CDC0EA8B07}.Release|Any CPU.Build.0 = Release|Any CPU
		{A867E872-6930-4219-8E0A-EF5EFA71F6D2}.Debug|Any CPU.ActiveCfg = Debug|Any CPU
		{A867E872-6930-4219-8E0A-EF5EFA71F6D2}.Debug|Any CPU.Build.0 = Debug|Any CPU
		{A867E872-6930-4219-8E0A-EF5EFA71F6D2}.Release|Any CPU.ActiveCfg = Release|Any CPU
		{A867E872-6930-4219-8E0A-EF5EFA71F6D2}.Release|Any CPU.Build.0 = Release|Any CPU
		{86F406D5-630C-46D8-8A4E-D49C63586FA7}.Debug|Any CPU.ActiveCfg = Debug|Any CPU
		{86F406D5-630C-46D8-8A4E-D49C63586FA7}.Debug|Any CPU.Build.0 = Debug|Any CPU
		{86F406D5-630C-46D8-8A4E-D49C63586FA7}.Release|Any CPU.ActiveCfg = Release|Any CPU
		{86F406D5-630C-46D8-8A4E-D49C63586FA7}.Release|Any CPU.Build.0 = Release|Any CPU
	EndGlobalSection
	GlobalSection(SolutionProperties) = preSolution
		HideSolutionNode = FALSE
	EndGlobalSection
	GlobalSection(ExtensibilityGlobals) = postSolution
		SolutionGuid = {07D07340-9927-4BE1-96D0-95DA70F1F89F}
	EndGlobalSection
EndGlobal
